
Microsoft Visual Studio Solution File, Format Version 12.00
# Visual Studio 15
VisualStudioVersion = 15.0.26730.16
MinimumVisualStudioVersion = 10.0.40219.1
Project("{FAE04EC0-301F-11D3-BF4B-00C04F79EFBC}") = "Bot Application1", "Bot Application1.csproj", "{4CA23D1A-B4E1-4558-AFA5-03354FC4D644}"
EndProject
Global
	GlobalSection(SolutionConfigurationPlatforms) = preSolution
		Debug|Any CPU = Debug|Any CPU
		Release|Any CPU = Release|Any CPU
	EndGlobalSection
	GlobalSection(ProjectConfigurationPlatforms) = postSolution
		{4CA23D1A-B4E1-4558-AFA5-03354FC4D644}.Debug|Any CPU.ActiveCfg = Debug|Any CPU
		{4CA23D1A-B4E1-4558-AFA5-03354FC4D644}.Debug|Any CPU.Build.0 = Debug|Any CPU
		{4CA23D1A-B4E1-4558-AFA5-03354FC4D644}.Release|Any CPU.ActiveCfg = Release|Any CPU
		{4CA23D1A-B4E1-4558-AFA5-03354FC4D644}.Release|Any CPU.Build.0 = Release|Any CPU
	EndGlobalSection
	GlobalSection(SolutionProperties) = preSolution
		HideSolutionNode = FALSE
	EndGlobalSection
	GlobalSection(ExtensibilityGlobals) = postSolution
		SolutionGuid = {1206407F-7F5E-46AC-A680-AA6DA85C3DF4}
	EndGlobalSection
EndGlobal
